# This file is automatically @generated by Poetry 1.8.3 and should not be changed by hand.

[[package]]
name = "grpcio"
version = "1.65.4"
description = "HTTP/2-based RPC framework"
optional = false
python-versions = ">=3.8"
files = [
    {file = "grpcio-1.65.4-cp310-cp310-linux_armv7l.whl", hash = "sha256:0e85c8766cf7f004ab01aff6a0393935a30d84388fa3c58d77849fcf27f3e98c"},
    {file = "grpcio-1.65.4-cp310-cp310-macosx_12_0_universal2.whl", hash = "sha256:e4a795c02405c7dfa8affd98c14d980f4acea16ea3b539e7404c645329460e5a"},
    {file = "grpcio-1.65.4-cp310-cp310-manylinux_2_17_aarch64.whl", hash = "sha256:d7b984a8dd975d949c2042b9b5ebcf297d6d5af57dcd47f946849ee15d3c2fb8"},
    {file = "grpcio-1.65.4-cp310-cp310-manylinux_2_17_i686.manylinux2014_i686.whl", hash = "sha256:644a783ce604a7d7c91412bd51cf9418b942cf71896344b6dc8d55713c71ce82"},
    {file = "grpcio-1.65.4-cp310-cp310-manylinux_2_17_x86_64.manylinux2014_x86_64.whl", hash = "sha256:5764237d751d3031a36fafd57eb7d36fd2c10c658d2b4057c516ccf114849a3e"},
    {file = "grpcio-1.65.4-cp310-cp310-musllinux_1_1_i686.whl", hash = "sha256:ee40d058cf20e1dd4cacec9c39e9bce13fedd38ce32f9ba00f639464fcb757de"},
    {file = "grpcio-1.65.4-cp310-cp310-musllinux_1_1_x86_64.whl", hash = "sha256:4482a44ce7cf577a1f8082e807a5b909236bce35b3e3897f839f2fbd9ae6982d"},
    {file = "grpcio-1.65.4-cp310-cp310-win32.whl", hash = "sha256:66bb051881c84aa82e4f22d8ebc9d1704b2e35d7867757f0740c6ef7b902f9b1"},
    {file = "grpcio-1.65.4-cp310-cp310-win_amd64.whl", hash = "sha256:870370524eff3144304da4d1bbe901d39bdd24f858ce849b7197e530c8c8f2ec"},
    {file = "grpcio-1.65.4-cp311-cp311-linux_armv7l.whl", hash = "sha256:85e9c69378af02e483bc626fc19a218451b24a402bdf44c7531e4c9253fb49ef"},
    {file = "grpcio-1.65.4-cp311-cp311-macosx_10_9_universal2.whl", hash = "sha256:2bd672e005afab8bf0d6aad5ad659e72a06dd713020554182a66d7c0c8f47e18"},
    {file = "grpcio-1.65.4-cp311-cp311-manylinux_2_17_aarch64.whl", hash = "sha256:abccc5d73f5988e8f512eb29341ed9ced923b586bb72e785f265131c160231d8"},
    {file = "grpcio-1.65.4-cp311-cp311-manylinux_2_17_i686.manylinux2014_i686.whl", hash = "sha256:886b45b29f3793b0c2576201947258782d7e54a218fe15d4a0468d9a6e00ce17"},
    {file = "grpcio-1.65.4-cp311-cp311-manylinux_2_17_x86_64.manylinux2014_x86_64.whl", hash = "sha256:be952436571dacc93ccc7796db06b7daf37b3b56bb97e3420e6503dccfe2f1b4"},
    {file = "grpcio-1.65.4-cp311-cp311-musllinux_1_1_i686.whl", hash = "sha256:8dc9ddc4603ec43f6238a5c95400c9a901b6d079feb824e890623da7194ff11e"},
    {file = "grpcio-1.65.4-cp311-cp311-musllinux_1_1_x86_64.whl", hash = "sha256:ade1256c98cba5a333ef54636095f2c09e6882c35f76acb04412f3b1aa3c29a5"},
    {file = "grpcio-1.65.4-cp311-cp311-win32.whl", hash = "sha256:280e93356fba6058cbbfc6f91a18e958062ef1bdaf5b1caf46c615ba1ae71b5b"},
    {file = "grpcio-1.65.4-cp311-cp311-win_amd64.whl", hash = "sha256:d2b819f9ee27ed4e3e737a4f3920e337e00bc53f9e254377dd26fc7027c4d558"},
    {file = "grpcio-1.65.4-cp312-cp312-linux_armv7l.whl", hash = "sha256:926a0750a5e6fb002542e80f7fa6cab8b1a2ce5513a1c24641da33e088ca4c56"},
    {file = "grpcio-1.65.4-cp312-cp312-macosx_10_9_universal2.whl", hash = "sha256:2a1d4c84d9e657f72bfbab8bedf31bdfc6bfc4a1efb10b8f2d28241efabfaaf2"},
    {file = "grpcio-1.65.4-cp312-cp312-manylinux_2_17_aarch64.whl", hash = "sha256:17de4fda50967679677712eec0a5c13e8904b76ec90ac845d83386b65da0ae1e"},
    {file = "grpcio-1.65.4-cp312-cp312-manylinux_2_17_i686.manylinux2014_i686.whl", hash = "sha256:3dee50c1b69754a4228e933696408ea87f7e896e8d9797a3ed2aeed8dbd04b74"},
    {file = "grpcio-1.65.4-cp312-cp312-manylinux_2_17_x86_64.manylinux2014_x86_64.whl", hash = "sha256:74c34fc7562bdd169b77966068434a93040bfca990e235f7a67cdf26e1bd5c63"},
    {file = "grpcio-1.65.4-cp312-cp312-musllinux_1_1_i686.whl", hash = "sha256:24a2246e80a059b9eb981e4c2a6d8111b1b5e03a44421adbf2736cc1d4988a8a"},
    {file = "grpcio-1.65.4-cp312-cp312-musllinux_1_1_x86_64.whl", hash = "sha256:18c10f0d054d2dce34dd15855fcca7cc44ec3b811139437543226776730c0f28"},
    {file = "grpcio-1.65.4-cp312-cp312-win32.whl", hash = "sha256:d72962788b6c22ddbcdb70b10c11fbb37d60ae598c51eb47ec019db66ccfdff0"},
    {file = "grpcio-1.65.4-cp312-cp312-win_amd64.whl", hash = "sha256:7656376821fed8c89e68206a522522317787a3d9ed66fb5110b1dff736a5e416"},
    {file = "grpcio-1.65.4-cp38-cp38-linux_armv7l.whl", hash = "sha256:4934077b33aa6fe0b451de8b71dabde96bf2d9b4cb2b3187be86e5adebcba021"},
    {file = "grpcio-1.65.4-cp38-cp38-macosx_10_9_universal2.whl", hash = "sha256:0cef8c919a3359847c357cb4314e50ed1f0cca070f828ee8f878d362fd744d52"},
    {file = "grpcio-1.65.4-cp38-cp38-manylinux_2_17_aarch64.whl", hash = "sha256:a925446e6aa12ca37114840d8550f308e29026cdc423a73da3043fd1603a6385"},
    {file = "grpcio-1.65.4-cp38-cp38-manylinux_2_17_i686.manylinux2014_i686.whl", hash = "sha256:cf53e6247f1e2af93657e62e240e4f12e11ee0b9cef4ddcb37eab03d501ca864"},
    {file = "grpcio-1.65.4-cp38-cp38-manylinux_2_17_x86_64.manylinux2014_x86_64.whl", hash = "sha256:cdb34278e4ceb224c89704cd23db0d902e5e3c1c9687ec9d7c5bb4c150f86816"},
    {file = "grpcio-1.65.4-cp38-cp38-musllinux_1_1_i686.whl", hash = "sha256:e6cbdd107e56bde55c565da5fd16f08e1b4e9b0674851d7749e7f32d8645f524"},
    {file = "grpcio-1.65.4-cp38-cp38-musllinux_1_1_x86_64.whl", hash = "sha256:626319a156b1f19513156a3b0dbfe977f5f93db63ca673a0703238ebd40670d7"},
    {file = "grpcio-1.65.4-cp38-cp38-win32.whl", hash = "sha256:3d1bbf7e1dd1096378bd83c83f554d3b93819b91161deaf63e03b7022a85224a"},
    {file = "grpcio-1.65.4-cp38-cp38-win_amd64.whl", hash = "sha256:a99e6dffefd3027b438116f33ed1261c8d360f0dd4f943cb44541a2782eba72f"},
    {file = "grpcio-1.65.4-cp39-cp39-linux_armv7l.whl", hash = "sha256:874acd010e60a2ec1e30d5e505b0651ab12eb968157cd244f852b27c6dbed733"},
    {file = "grpcio-1.65.4-cp39-cp39-macosx_10_9_universal2.whl", hash = "sha256:b07f36faf01fca5427d4aa23645e2d492157d56c91fab7e06fe5697d7e171ad4"},
    {file = "grpcio-1.65.4-cp39-cp39-manylinux_2_17_aarch64.whl", hash = "sha256:b81711bf4ec08a3710b534e8054c7dcf90f2edc22bebe11c1775a23f145595fe"},
    {file = "grpcio-1.65.4-cp39-cp39-manylinux_2_17_i686.manylinux2014_i686.whl", hash = "sha256:88fcabc332a4aef8bcefadc34a02e9ab9407ab975d2c7d981a8e12c1aed92aa1"},
    {file = "grpcio-1.65.4-cp39-cp39-manylinux_2_17_x86_64.manylinux2014_x86_64.whl", hash = "sha256:c9ba3e63108a8749994f02c7c0e156afb39ba5bdf755337de8e75eb685be244b"},
    {file = "grpcio-1.65.4-cp39-cp39-musllinux_1_1_i686.whl", hash = "sha256:8eb485801957a486bf5de15f2c792d9f9c897a86f2f18db8f3f6795a094b4bb2"},
    {file = "grpcio-1.65.4-cp39-cp39-musllinux_1_1_x86_64.whl", hash = "sha256:075f3903bc1749ace93f2b0664f72964ee5f2da5c15d4b47e0ab68e4f442c257"},
    {file = "grpcio-1.65.4-cp39-cp39-win32.whl", hash = "sha256:0a0720299bdb2cc7306737295d56e41ce8827d5669d4a3cd870af832e3b17c4d"},
    {file = "grpcio-1.65.4-cp39-cp39-win_amd64.whl", hash = "sha256:a146bc40fa78769f22e1e9ff4f110ef36ad271b79707577bf2a31e3e931141b9"},
    {file = "grpcio-1.65.4.tar.gz", hash = "sha256:2a4f476209acffec056360d3e647ae0e14ae13dcf3dfb130c227ae1c594cbe39"},
]

[package.extras]
protobuf = ["grpcio-tools (>=1.65.4)"]

[[package]]
name = "protobuf"
version = "5.27.3"
description = ""
optional = false
python-versions = ">=3.8"
files = [
    {file = "protobuf-5.27.3-cp310-abi3-win32.whl", hash = "sha256:dcb307cd4ef8fec0cf52cb9105a03d06fbb5275ce6d84a6ae33bc6cf84e0a07b"},
    {file = "protobuf-5.27.3-cp310-abi3-win_amd64.whl", hash = "sha256:16ddf3f8c6c41e1e803da7abea17b1793a97ef079a912e42351eabb19b2cffe7"},
    {file = "protobuf-5.27.3-cp38-abi3-macosx_10_9_universal2.whl", hash = "sha256:68248c60d53f6168f565a8c76dc58ba4fa2ade31c2d1ebdae6d80f969cdc2d4f"},
    {file = "protobuf-5.27.3-cp38-abi3-manylinux2014_aarch64.whl", hash = "sha256:b8a994fb3d1c11156e7d1e427186662b64694a62b55936b2b9348f0a7c6625ce"},
    {file = "protobuf-5.27.3-cp38-abi3-manylinux2014_x86_64.whl", hash = "sha256:a55c48f2a2092d8e213bd143474df33a6ae751b781dd1d1f4d953c128a415b25"},
    {file = "protobuf-5.27.3-cp38-cp38-win32.whl", hash = "sha256:043853dcb55cc262bf2e116215ad43fa0859caab79bb0b2d31b708f128ece035"},
    {file = "protobuf-5.27.3-cp38-cp38-win_amd64.whl", hash = "sha256:c2a105c24f08b1e53d6c7ffe69cb09d0031512f0b72f812dd4005b8112dbe91e"},
    {file = "protobuf-5.27.3-cp39-cp39-win32.whl", hash = "sha256:c84eee2c71ed83704f1afbf1a85c3171eab0fd1ade3b399b3fad0884cbcca8bf"},
    {file = "protobuf-5.27.3-cp39-cp39-win_amd64.whl", hash = "sha256:af7c0b7cfbbb649ad26132e53faa348580f844d9ca46fd3ec7ca48a1ea5db8a1"},
    {file = "protobuf-5.27.3-py3-none-any.whl", hash = "sha256:8572c6533e544ebf6899c360e91d6bcbbee2549251643d32c52cf8a5de295ba5"},
    {file = "protobuf-5.27.3.tar.gz", hash = "sha256:82460903e640f2b7e34ee81a947fdaad89de796d324bcbc38ff5430bcdead82c"},
]

[metadata]
lock-version = "2.0"
python-versions = "^3.12"
content-hash = "160f8a0b58191dca9461158631a82743bc8bc471fb7b9b18ee149ee7b38338af"
